
Microsoft Visual Studio Solution File, Format Version 12.00
# Visual Studio Version 17
VisualStudioVersion = 17.13.35931.197 d17.13
MinimumVisualStudioVersion = 10.0.40219.1
Project("{FAE04EC0-301F-11D3-BF4B-00C04F79EFBC}") = "23_LeituraArquivoComExcecao", "23_LeituraArquivoComExcecao.csproj", "{EAC31BB9-834F-464B-B059-DF380C756346}"
EndProject
Global
	GlobalSection(SolutionConfigurationPlatforms) = preSolution
		Debug|Any CPU = Debug|Any CPU
		Release|Any CPU = Release|Any CPU
	EndGlobalSection
	GlobalSection(ProjectConfigurationPlatforms) = postSolution
		{EAC31BB9-834F-464B-B059-DF380C756346}.Debug|Any CPU.ActiveCfg = Debug|Any CPU
		{EAC31BB9-834F-464B-B059-DF380C756346}.Debug|Any CPU.Build.0 = Debug|Any CPU
		{EAC31BB9-834F-464B-B059-DF380C756346}.Release|Any CPU.ActiveCfg = Release|Any CPU
		{EAC31BB9-834F-464B-B059-DF380C756346}.Release|Any CPU.Build.0 = Release|Any CPU
	EndGlobalSection
	GlobalSection(SolutionProperties) = preSolution
		HideSolutionNode = FALSE
	EndGlobalSection
	GlobalSection(ExtensibilityGlobals) = postSolution
		SolutionGuid = {F4310D2D-FF81-4DDB-9DC2-B40C41F74698}
	EndGlobalSection
EndGlobal
